
Microsoft Visual Studio Solution File, Format Version 12.00
# Visual Studio Version 17
VisualStudioVersion = 17.13.35825.156 d17.13
MinimumVisualStudioVersion = 10.0.40219.1
Project("{FAE04EC0-301F-11D3-BF4B-00C04F79EFBC}") = "ScreenSound-POO", "ScreenSound-POO\ScreenSound-POO.csproj", "{BB613197-9A8C-42A1-A6BC-2CB878BFD626}"
EndProject
Global
	GlobalSection(SolutionConfigurationPlatforms) = preSolution
		Debug|Any CPU = Debug|Any CPU
		Release|Any CPU = Release|Any CPU
	EndGlobalSection
	GlobalSection(ProjectConfigurationPlatforms) = postSolution
		{BB613197-9A8C-42A1-A6BC-2CB878BFD626}.Debug|Any CPU.ActiveCfg = Debug|Any CPU
		{BB613197-9A8C-42A1-A6BC-2CB878BFD626}.Debug|Any CPU.Build.0 = Debug|Any CPU
		{BB613197-9A8C-42A1-A6BC-2CB878BFD626}.Release|Any CPU.ActiveCfg = Release|Any CPU
		{BB613197-9A8C-42A1-A6BC-2CB878BFD626}.Release|Any CPU.Build.0 = Release|Any CPU
	EndGlobalSection
	GlobalSection(SolutionProperties) = preSolution
		HideSolutionNode = FALSE
	EndGlobalSection
	GlobalSection(ExtensibilityGlobals) = postSolution
		SolutionGuid = {B7EB8630-F5B8-4B55-B6FD-75155765A1E5}
	EndGlobalSection
EndGlobal
